
Microsoft Visual Studio Solution File, Format Version 12.00
# Visual Studio Version 18
VisualStudioVersion = 18.6.11819.183 stable
MinimumVisualStudioVersion = 10.0.40219.1
Project("{FAE04EC0-301F-11D3-BF4B-00C04F79EFBC}") = "BookManagerWebApp", "BookManagerWebApp.csproj", "{2F8E71D6-5D45-E886-7C98-8375C47C13CF}"
EndProject
Project("{FAE04EC0-301F-11D3-BF4B-00C04F79EFBC}") = "BookManagerService", "..\BookManagerService\BookManagerService.csproj", "{03B96C90-C11E-8D33-CD9B-861EBC77699F}"
EndProject
Project("{FAE04EC0-301F-11D3-BF4B-00C04F79EFBC}") = "BookManagerRepository", "..\BookManagerRepository\BookManagerRepository.csproj", "{3CC41F08-F9D9-2332-3C5E-24D22AD3E18F}"
EndProject
Project("{FAE04EC0-301F-11D3-BF4B-00C04F79EFBC}") = "BookManagerModels", "..\BookManagerModels\BookManagerModels.csproj", "{82BF9514-8CE3-6905-D7C3-FF466A7F5DF5}"
EndProject
Global
	GlobalSection(SolutionConfigurationPlatforms) = preSolution
		Debug|Any CPU = Debug|Any CPU
		Release|Any CPU = Release|Any CPU
	EndGlobalSection
	GlobalSection(ProjectConfigurationPlatforms) = postSolution
		{2F8E71D6-5D45-E886-7C98-8375C47C13CF}.Debug|Any CPU.ActiveCfg = Debug|Any CPU
		{2F8E71D6-5D45-E886-7C98-8375C47C13CF}.Debug|Any CPU.Build.0 = Debug|Any CPU
		{2F8E71D6-5D45-E886-7C98-8375C47C13CF}.Release|Any CPU.ActiveCfg = Release|Any CPU
		{2F8E71D6-5D45-E886-7C98-8375C47C13CF}.Release|Any CPU.Build.0 = Release|Any CPU
		{03B96C90-C11E-8D33-CD9B-861EBC77699F}.Debug|Any CPU.ActiveCfg = Debug|Any CPU
		{03B96C90-C11E-8D33-CD9B-861EBC77699F}.Debug|Any CPU.Build.0 = Debug|Any CPU
		{03B96C90-C11E-8D33-CD9B-861EBC77699F}.Release|Any CPU.ActiveCfg = Release|Any CPU
		{03B96C90-C11E-8D33-CD9B-861EBC77699F}.Release|Any CPU.Build.0 = Release|Any CPU
		{3CC41F08-F9D9-2332-3C5E-24D22AD3E18F}.Debug|Any CPU.ActiveCfg = Debug|Any CPU
		{3CC41F08-F9D9-2332-3C5E-24D22AD3E18F}.Debug|Any CPU.Build.0 = Debug|Any CPU
		{3CC41F08-F9D9-2332-3C5E-24D22AD3E18F}.Release|Any CPU.ActiveCfg = Release|Any CPU
		{3CC41F08-F9D9-2332-3C5E-24D22AD3E18F}.Release|Any CPU.Build.0 = Release|Any CPU
		{82BF9514-8CE3-6905-D7C3-FF466A7F5DF5}.Debug|Any CPU.ActiveCfg = Debug|Any CPU
		{82BF9514-8CE3-6905-D7C3-FF466A7F5DF5}.Debug|Any CPU.Build.0 = Debug|Any CPU
		{82BF9514-8CE3-6905-D7C3-FF466A7F5DF5}.Release|Any CPU.ActiveCfg = Release|Any CPU
		{82BF9514-8CE3-6905-D7C3-FF466A7F5DF5}.Release|Any CPU.Build.0 = Release|Any CPU
	EndGlobalSection
	GlobalSection(SolutionProperties) = preSolution
		HideSolutionNode = FALSE
	EndGlobalSection
	GlobalSection(ExtensibilityGlobals) = postSolution
		SolutionGuid = {4A235C55-D52A-453C-B3CE-7F9D4B0DB8BC}
	EndGlobalSection
EndGlobal
